
Microsoft Visual Studio Solution File, Format Version 12.00
# Visual Studio Version 17
VisualStudioVersion = 17.12.35527.113 d17.12
MinimumVisualStudioVersion = 10.0.40219.1
Project("{FAE04EC0-301F-11D3-BF4B-00C04F79EFBC}") = "The right way to use httpclient in .Net", "The right way to use httpclient in .Net\The right way to use httpclient in .Net.csproj", "{AFC0BD52-3139-4E2B-BC10-E11447EFDFE3}"
EndProject
Global
	GlobalSection(SolutionConfigurationPlatforms) = preSolution
		Debug|Any CPU = Debug|Any CPU
		Release|Any CPU = Release|Any CPU
	EndGlobalSection
	GlobalSection(ProjectConfigurationPlatforms) = postSolution
		{AFC0BD52-3139-4E2B-BC10-E11447EFDFE3}.Debug|Any CPU.ActiveCfg = Debug|Any CPU
		{AFC0BD52-3139-4E2B-BC10-E11447EFDFE3}.Debug|Any CPU.Build.0 = Debug|Any CPU
		{AFC0BD52-3139-4E2B-BC10-E11447EFDFE3}.Release|Any CPU.ActiveCfg = Release|Any CPU
		{AFC0BD52-3139-4E2B-BC10-E11447EFDFE3}.Release|Any CPU.Build.0 = Release|Any CPU
	EndGlobalSection
	GlobalSection(SolutionProperties) = preSolution
		HideSolutionNode = FALSE
	EndGlobalSection
EndGlobal
